
Microsoft Visual Studio Solution File, Format Version 12.00
# Visual Studio 2012
Project("{FAE04EC0-301F-11D3-BF4B-00C04F79EFBC}") = "sample", "sample\sample.csproj", "{82EFA44E-A829-431F-B564-2F6F33779200}"
EndProject
Project("{FAE04EC0-301F-11D3-BF4B-00C04F79EFBC}") = "core", "core\core.csproj", "{27372BA5-D8D8-46A6-9B63-396AADE4F2C4}"
EndProject
Global
	GlobalSection(SolutionConfigurationPlatforms) = preSolution
		Debug|Any CPU = Debug|Any CPU
		Release|Any CPU = Release|Any CPU
	EndGlobalSection
	GlobalSection(ProjectConfigurationPlatforms) = postSolution
		{82EFA44E-A829-431F-B564-2F6F33779200}.Debug|Any CPU.ActiveCfg = Debug|Any CPU
		{82EFA44E-A829-431F-B564-2F6F33779200}.Debug|Any CPU.Build.0 = Debug|Any CPU
		{82EFA44E-A829-431F-B564-2F6F33779200}.Release|Any CPU.ActiveCfg = Release|Any CPU
		{82EFA44E-A829-431F-B564-2F6F33779200}.Release|Any CPU.Build.0 = Release|Any CPU
		{27372BA5-D8D8-46A6-9B63-396AADE4F2C4}.Debug|Any CPU.ActiveCfg = Debug|Any CPU
		{27372BA5-D8D8-46A6-9B63-396AADE4F2C4}.Debug|Any CPU.Build.0 = Debug|Any CPU
		{27372BA5-D8D8-46A6-9B63-396AADE4F2C4}.Release|Any CPU.ActiveCfg = Release|Any CPU
		{27372BA5-D8D8-46A6-9B63-396AADE4F2C4}.Release|Any CPU.Build.0 = Release|Any CPU
	EndGlobalSection
	GlobalSection(SolutionProperties) = preSolution
		HideSolutionNode = FALSE
	EndGlobalSection
EndGlobal
